
Microsoft Visual Studio Solution File, Format Version 12.00
# Visual Studio Version 17
VisualStudioVersion = 17.14.36301.6
MinimumVisualStudioVersion = 10.0.40219.1
Project("{FAE04EC0-301F-11D3-BF4B-00C04F79EFBC}") = "RedBlackTreeImplementation", "RedBlackTreeImplementation\RedBlackTreeImplementation.csproj", "{1C65BFE0-6074-4528-A68A-F34F8A8960E4}"
EndProject
Project("{FAE04EC0-301F-11D3-BF4B-00C04F79EFBC}") = "UnitTest", "UnitTest\UnitTest.csproj", "{9D3E0DB1-BE73-4316-B54B-65DDBAAAE73C}"
EndProject
Project("{FAE04EC0-301F-11D3-BF4B-00C04F79EFBC}") = "RedBlackTreeConsole", "RedBlackTreeConsole\RedBlackTreeConsole.csproj", "{ECFD1625-EA37-48DC-8375-FF61257BB928}"
EndProject
Project("{FAE04EC0-301F-11D3-BF4B-00C04F79EFBC}") = "SortedSet", "SortedSet\SortedSet.csproj", "{36968FE4-7619-4B4C-A5C4-11D3E41242A6}"
EndProject
Global
	GlobalSection(SolutionConfigurationPlatforms) = preSolution
		Debug|Any CPU = Debug|Any CPU
		Release|Any CPU = Release|Any CPU
	EndGlobalSection
	GlobalSection(ProjectConfigurationPlatforms) = postSolution
		{1C65BFE0-6074-4528-A68A-F34F8A8960E4}.Debug|Any CPU.ActiveCfg = Debug|Any CPU
		{1C65BFE0-6074-4528-A68A-F34F8A8960E4}.Debug|Any CPU.Build.0 = Debug|Any CPU
		{1C65BFE0-6074-4528-A68A-F34F8A8960E4}.Release|Any CPU.ActiveCfg = Release|Any CPU
		{1C65BFE0-6074-4528-A68A-F34F8A8960E4}.Release|Any CPU.Build.0 = Release|Any CPU
		{9D3E0DB1-BE73-4316-B54B-65DDBAAAE73C}.Debug|Any CPU.ActiveCfg = Debug|Any CPU
		{9D3E0DB1-BE73-4316-B54B-65DDBAAAE73C}.Debug|Any CPU.Build.0 = Debug|Any CPU
		{9D3E0DB1-BE73-4316-B54B-65DDBAAAE73C}.Release|Any CPU.ActiveCfg = Release|Any CPU
		{9D3E0DB1-BE73-4316-B54B-65DDBAAAE73C}.Release|Any CPU.Build.0 = Release|Any CPU
		{ECFD1625-EA37-48DC-8375-FF61257BB928}.Debug|Any CPU.ActiveCfg = Debug|Any CPU
		{ECFD1625-EA37-48DC-8375-FF61257BB928}.Debug|Any CPU.Build.0 = Debug|Any CPU
		{ECFD1625-EA37-48DC-8375-FF61257BB928}.Release|Any CPU.ActiveCfg = Release|Any CPU
		{ECFD1625-EA37-48DC-8375-FF61257BB928}.Release|Any CPU.Build.0 = Release|Any CPU
		{36968FE4-7619-4B4C-A5C4-11D3E41242A6}.Debug|Any CPU.ActiveCfg = Debug|Any CPU
		{36968FE4-7619-4B4C-A5C4-11D3E41242A6}.Debug|Any CPU.Build.0 = Debug|Any CPU
		{36968FE4-7619-4B4C-A5C4-11D3E41242A6}.Release|Any CPU.ActiveCfg = Release|Any CPU
		{36968FE4-7619-4B4C-A5C4-11D3E41242A6}.Release|Any CPU.Build.0 = Release|Any CPU
	EndGlobalSection
	GlobalSection(SolutionProperties) = preSolution
		HideSolutionNode = FALSE
	EndGlobalSection
	GlobalSection(ExtensibilityGlobals) = postSolution
		SolutionGuid = {5A94EFCC-8796-4626-B3CB-FE0D149179E3}
	EndGlobalSection
EndGlobal
